// !$*UTF8*$!
{
	archiveVersion = 1;
	classes = {
	};
	objectVersion = 46;
	objects = {

/* Begin PBXBuildFile section */
		708D30E11AA95E7600E972B0 /* AppDelegate.swift in Sources */ = {isa = PBXBuildFile; fileRef = 708D30E01AA95E7600E972B0 /* AppDelegate.swift */; };
		708D30E41AA95E7600E972B0 /* plop.xcdatamodeld in Sources */ = {isa = PBXBuildFile; fileRef = 708D30E21AA95E7600E972B0 /* plop.xcdatamodeld */; };
		708D30E61AA95E7600E972B0 /* MasterViewController.swift in Sources */ = {isa = PBXBuildFile; fileRef = 708D30E51AA95E7600E972B0 /* MasterViewController.swift */; };
		708D30E81AA95E7600E972B0 /* DetailViewController.swift in Sources */ = {isa = PBXBuildFile; fileRef = 708D30E71AA95E7600E972B0 /* DetailViewController.swift */; };
		708D30EB1AA95E7600E972B0 /* Main.storyboard in Resources */ = {isa = PBXBuildFile; fileRef = 708D30E91AA95E7600E972B0 /* Main.storyboard */; };
		708D30ED1AA95E7600E972B0 /* Images.xcassets in Resources */ = {isa = PBXBuildFile; fileRef = 708D30EC1AA95E7600E972B0 /* Images.xcassets */; };
		708D30F01AA95E7600E972B0 /* LaunchScreen.xib in Resources */ = {isa = PBXBuildFile; fileRef = 708D30EE1AA95E7600E972B0 /* LaunchScreen.xib */; };
		708D30FC1AA95E7600E972B0 /* plopTests.swift in Sources */ = {isa = PBXBuildFile; fileRef = 708D30FB1AA95E7600E972B0 /* plopTests.swift */; };
		708D31061AA95EC700E972B0 /* Restroom.swift in Sources */ = {isa = PBXBuildFile; fileRef = 708D31051AA95EC700E972B0 /* Restroom.swift */; };
		708D31081AA95EF600E972B0 /* Review.swift in Sources */ = {isa = PBXBuildFile; fileRef = 708D31071AA95EF600E972B0 /* Review.swift */; };
		708D310A1AA95FDD00E972B0 /* RestroomManager.swift in Sources */ = {isa = PBXBuildFile; fileRef = 708D31091AA95FDD00E972B0 /* RestroomManager.swift */; };
/* End PBXBuildFile section */

/* Begin PBXContainerItemProxy section */
		708D30F61AA95E7600E972B0 /* PBXContainerItemProxy */ = {
			isa = PBXContainerItemProxy;
			containerPortal = 708D30D31AA95E7600E972B0 /* Project object */;
			proxyType = 1;
			remoteGlobalIDString = 708D30DA1AA95E7600E972B0;
			remoteInfo = plop;
		};
/* End PBXContainerItemProxy section */

/* Begin PBXFileReference section */
		708D30DB1AA95E7600E972B0 /* plop.app */ = {isa = PBXFileReference; explicitFileType = wrapper.application; includeInIndex = 0; path = plop.app; sourceTree = BUILT_PRODUCTS_DIR; };
		708D30DF1AA95E7600E972B0 /* Info.plist */ = {isa = PBXFileReference; lastKnownFileType = text.plist.xml; path = Info.plist; sourceTree = "<group>"; };
		708D30E01AA95E7600E972B0 /* AppDelegate.swift */ = {isa = PBXFileReference; lastKnownFileType = sourcecode.swift; path = AppDelegate.swift; sourceTree = "<group>"; };
		708D30E31AA95E7600E972B0 /* plop.xcdatamodel */ = {isa = PBXFileReference; lastKnownFileType = wrapper.xcdatamodel; path = plop.xcdatamodel; sourceTree = "<group>"; };
		708D30E51AA95E7600E972B0 /* MasterViewController.swift */ = {isa = PBXFileReference; lastKnownFileType = sourcecode.swift; path = MasterViewController.swift; sourceTree = "<group>"; };
		708D30E71AA95E7600E972B0 /* DetailViewController.swift */ = {isa = PBXFileReference; lastKnownFileType = sourcecode.swift; path = DetailViewController.swift; sourceTree = "<group>"; };
		708D30EA1AA95E7600E972B0 /* Base */ = {isa = PBXFileReference; lastKnownFileType = file.storyboard; name = Base; path = Base.lproj/Main.storyboard; sourceTree = "<group>"; };
		708D30EC1AA95E7600E972B0 /* Images.xcassets */ = {isa = PBXFileReference; lastKnownFileType = folder.assetcatalog; path = Images.xcassets; sourceTree = "<group>"; };
		708D30EF1AA95E7600E972B0 /* Base */ = {isa = PBXFileReference; lastKnownFileType = file.xib; name = Base; path = Base.lproj/LaunchScreen.xib; sourceTree = "<group>"; };
		708D30F51AA95E7600E972B0 /* plopTests.xctest */ = {isa = PBXFileReference; explicitFileType = wrapper.cfbundle; includeInIndex = 0; path = plopTests.xctest; sourceTree = BUILT_PRODUCTS_DIR; };
		708D30FA1AA95E7600E972B0 /* Info.plist */ = {isa = PBXFileReference; lastKnownFileType = text.plist.xml; path = Info.plist; sourceTree = "<group>"; };
		708D30FB1AA95E7600E972B0 /* plopTests.swift */ = {isa = PBXFileReference; lastKnownFileType = sourcecode.swift; path = plopTests.swift; sourceTree = "<group>"; };
		708D31051AA95EC700E972B0 /* Restroom.swift */ = {isa = PBXFileReference; fileEncoding = 4; lastKnownFileType = sourcecode.swift; path = Restroom.swift; sourceTree = "<group>"; };
		708D31071AA95EF600E972B0 /* Review.swift */ = {isa = PBXFileReference; fileEncoding = 4; lastKnownFileType = sourcecode.swift; path = Review.swift; sourceTree = "<group>"; };
		708D31091AA95FDD00E972B0 /* RestroomManager.swift */ = {isa = PBXFileReference; fileEncoding = 4; lastKnownFileType = sourcecode.swift; path = RestroomManager.swift; sourceTree = "<group>"; };
/* End PBXFileReference section */

/* Begin PBXFrameworksBuildPhase section */
		708D30D81AA95E7600E972B0 /* Frameworks */ = {
			isa = PBXFrameworksBuildPhase;
			buildActionMask = 2147483647;
			files = (
			);
			runOnlyForDeploymentPostprocessing = 0;
		};
		708D30F21AA95E7600E972B0 /* Frameworks */ = {
			isa = PBXFrameworksBuildPhase;
			buildActionMask = 2147483647;
			files = (
			);
			runOnlyForDeploymentPostprocessing = 0;
		};
/* End PBXFrameworksBuildPhase section */

/* Begin PBXGroup section */
		708D30D21AA95E7600E972B0 = {
			isa = PBXGroup;
			children = (
				708D30DD1AA95E7600E972B0 /* plop */,
				708D30F81AA95E7600E972B0 /* plopTests */,
				708D30DC1AA95E7600E972B0 /* Products */,
			);
			sourceTree = "<group>";
		};
		708D30DC1AA95E7600E972B0 /* Products */ = {
			isa = PBXGroup;
			children = (
				708D30DB1AA95E7600E972B0 /* plop.app */,
				708D30F51AA95E7600E972B0 /* plopTests.xctest */,
			);
			name = Products;
			sourceTree = "<group>";
		};
		708D30DD1AA95E7600E972B0 /* plop */ = {
			isa = PBXGroup;
			children = (
				708D30E01AA95E7600E972B0 /* AppDelegate.swift */,
				708D31051AA95EC700E972B0 /* Restroom.swift */,
				708D31091AA95FDD00E972B0 /* RestroomManager.swift */,
				708D31071AA95EF600E972B0 /* Review.swift */,
				708D30E51AA95E7600E972B0 /* MasterViewController.swift */,
				708D30E71AA95E7600E972B0 /* DetailViewController.swift */,
				708D30E91AA95E7600E972B0 /* Main.storyboard */,
				708D30EC1AA95E7600E972B0 /* Images.xcassets */,
				708D30EE1AA95E7600E972B0 /* LaunchScreen.xib */,
				708D30E21AA95E7600E972B0 /* plop.xcdatamodeld */,
				708D30DE1AA95E7600E972B0 /* Supporting Files */,
			);
			path = plop;
			sourceTree = "<group>";
		};
		708D30DE1AA95E7600E972B0 /* Supporting Files */ = {
			isa = PBXGroup;
			children = (
				708D30DF1AA95E7600E972B0 /* Info.plist */,
			);
			name = "Supporting Files";
			sourceTree = "<group>";
		};
		708D30F81AA95E7600E972B0 /* plopTests */ = {
			isa = PBXGroup;
			children = (
				708D30FB1AA95E7600E972B0 /* plopTests.swift */,
				708D30F91AA95E7600E972B0 /* Supporting Files */,
			);
			path = plopTests;
			sourceTree = "<group>";
		};
		708D30F91AA95E7600E972B0 /* Supporting Files */ = {
			isa = PBXGroup;
			children = (
				708D30FA1AA95E7600E972B0 /* Info.plist */,
			);
			name = "Supporting Files";
			sourceTree = "<group>";
		};
/* End PBXGroup section */

/* Begin PBXNativeTarget section */
		708D30DA1AA95E7600E972B0 /* plop */ = {
			isa = PBXNativeTarget;
			buildConfigurationList = 708D30FF1AA95E7600E972B0 /* Build configuration list for PBXNativeTarget "plop" */;
			buildPhases = (
				708D30D71AA95E7600E972B0 /* Sources */,
				708D30D81AA95E7600E972B0 /* Frameworks */,
				708D30D91AA95E7600E972B0 /* Resources */,
			);
			buildRules = (
			);
			dependencies = (
			);
			name = plop;
			productName = plop;
			productReference = 708D30DB1AA95E7600E972B0 /* plop.app */;
			productType = "com.apple.product-type.application";
		};
		708D30F41AA95E7600E972B0 /* plopTests */ = {
			isa = PBXNativeTarget;
			buildConfigurationList = 708D31021AA95E7600E972B0 /* Build configuration list for PBXNativeTarget "plopTests" */;
			buildPhases = (
				708D30F11AA95E7600E972B0 /* Sources */,
				708D30F21AA95E7600E972B0 /* Frameworks */,
				708D30F31AA95E7600E972B0 /* Resources */,
			);
			buildRules = (
			);
			dependencies = (
				708D30F71AA95E7600E972B0 /* PBXTargetDependency */,
			);
			name = plopTests;
			productName = plopTests;
			productReference = 708D30F51AA95E7600E972B0 /* plopTests.xctest */;
			productType = "com.apple.product-type.bundle.unit-test";
		};
/* End PBXNativeTarget section */

/* Begin PBXProject section */
		708D30D31AA95E7600E972B0 /* Project object */ = {
			isa = PBXProject;
			attributes = {
				LastUpgradeCheck = 0610;
				ORGANIZATIONNAME = "Mickey Keeley";
				TargetAttributes = {
					708D30DA1AA95E7600E972B0 = {
						CreatedOnToolsVersion = 6.1.1;
					};
					708D30F41AA95E7600E972B0 = {
						CreatedOnToolsVersion = 6.1.1;
						TestTargetID = 708D30DA1AA95E7600E972B0;
					};
				};
			};
			buildConfigurationList = 708D30D61AA95E7600E972B0 /* Build configuration list for PBXProject "plop" */;
			compatibilityVersion = "Xcode 3.2";
			developmentRegion = English;
			hasScannedForEncodings = 0;
			knownRegions = (
				en,
				Base,
			);
			mainGroup = 708D30D21AA95E7600E972B0;
			productRefGroup = 708D30DC1AA95E7600E972B0 /* Products */;
			projectDirPath = "";
			projectRoot = "";
			targets = (
				708D30DA1AA95E7600E972B0 /* plop */,
				708D30F41AA95E7600E972B0 /* plopTests */,
			);
		};
/* End PBXProject section */

/* Begin PBXResourcesBuildPhase section */
		708D30D91AA95E7600E972B0 /* Resources */ = {
			isa = PBXResourcesBuildPhase;
			buildActionMask = 2147483647;
			files = (
				708D30EB1AA95E7600E972B0 /* Main.storyboard in Resources */,
				708D30F01AA95E7600E972B0 /* LaunchScreen.xib in Resources */,
				708D30ED1AA95E7600E972B0 /* Images.xcassets in Resources */,
			);
			runOnlyForDeploymentPostprocessing = 0;
		};
		708D30F31AA95E7600E972B0 /* Resources */ = {
			isa = PBXResourcesBuildPhase;
			buildActionMask = 2147483647;
			files = (
			);
			runOnlyForDeploymentPostprocessing = 0;
		};
/* End PBXResourcesBuildPhase section */

/* Begin PBXSourcesBuildPhase section */
		708D30D71AA95E7600E972B0 /* Sources */ = {
			isa = PBXSourcesBuildPhase;
			buildActionMask = 2147483647;
			files = (
				708D30E41AA95E7600E972B0 /* plop.xcdatamodeld in Sources */,
				708D31061AA95EC700E972B0 /* Restroom.swift in Sources */,
				708D30E11AA95E7600E972B0 /* AppDelegate.swift in Sources */,
				708D310A1AA95FDD00E972B0 /* RestroomManager.swift in Sources */,
				708D30E61AA95E7600E972B0 /* MasterViewController.swift in Sources */,
				708D30E81AA95E7600E972B0 /* DetailViewController.swift in Sources */,
				708D31081AA95EF600E972B0 /* Review.swift in Sources */,
			);
			runOnlyForDeploymentPostprocessing = 0;
		};
		708D30F11AA95E7600E972B0 /* Sources */ = {
			isa = PBXSourcesBuildPhase;
			buildActionMask = 2147483647;
			files = (
				708D30FC1AA95E7600E972B0 /* plopTests.swift in Sources */,
			);
			runOnlyForDeploymentPostprocessing = 0;
		};
/* End PBXSourcesBuildPhase section */

/* Begin PBXTargetDependency section */
		708D30F71AA95E7600E972B0 /* PBXTargetDependency */ = {
			isa = PBXTargetDependency;
			target = 708D30DA1AA95E7600E972B0 /* plop */;
			targetProxy = 708D30F61AA95E7600E972B0 /* PBXContainerItemProxy */;
		};
/* End PBXTargetDependency section */

/* Begin PBXVariantGroup section */
		708D30E91AA95E7600E972B0 /* Main.storyboard */ = {
			isa = PBXVariantGroup;
			children = (
				708D30EA1AA95E7600E972B0 /* Base */,
			);
			name = Main.storyboard;
			sourceTree = "<group>";
		};
		708D30EE1AA95E7600E972B0 /* LaunchScreen.xib */ = {
			isa = PBXVariantGroup;
			children = (
				708D30EF1AA95E7600E972B0 /* Base */,
			);
			name = LaunchScreen.xib;
			sourceTree = "<group>";
		};
/* End PBXVariantGroup section */

/* Begin XCBuildConfiguration section */
		708D30FD1AA95E7600E972B0 /* Debug */ = {
			isa = XCBuildConfiguration;
			buildSettings = {
				ALWAYS_SEARCH_USER_PATHS = NO;
				CLANG_CXX_LANGUAGE_STANDARD = "gnu++0x";
				CLANG_CXX_LIBRARY = "libc++";
				CLANG_ENABLE_MODULES = YES;
				CLANG_ENABLE_OBJC_ARC = YES;
				CLANG_WARN_BOOL_CONVERSION = YES;
				CLANG_WARN_CONSTANT_CONVERSION = YES;
				CLANG_WARN_DIRECT_OBJC_ISA_USAGE = YES_ERROR;
				CLANG_WARN_EMPTY_BODY = YES;
				CLANG_WARN_ENUM_CONVERSION = YES;
				CLANG_WARN_INT_CONVERSION = YES;
				CLANG_WARN_OBJC_ROOT_CLASS = YES_ERROR;
				CLANG_WARN_UNREACHABLE_CODE = YES;
				CLANG_WARN__DUPLICATE_METHOD_MATCH = YES;
				"CODE_SIGN_IDENTITY[sdk=iphoneos*]" = "iPhone Developer";
				COPY_PHASE_STRIP = NO;
				ENABLE_STRICT_OBJC_MSGSEND = YES;
				GCC_C_LANGUAGE_STANDARD = gnu99;
				GCC_DYNAMIC_NO_PIC = NO;
				GCC_OPTIMIZATION_LEVEL = 0;
				GCC_PREPROCESSOR_DEFINITIONS = (
					"DEBUG=1",
					"$(inherited)",
				);
				GCC_SYMBOLS_PRIVATE_EXTERN = NO;
				GCC_WARN_64_TO_32_BIT_CONVERSION = YES;
				GCC_WARN_ABOUT_RETURN_TYPE = YES_ERROR;
				GCC_WARN_UNDECLARED_SELECTOR = YES;
				GCC_WARN_UNINITIALIZED_AUTOS = YES_AGGRESSIVE;
				GCC_WARN_UNUSED_FUNCTION = YES;
				GCC_WARN_UNUSED_VARIABLE = YES;
				IPHONEOS_DEPLOYMENT_TARGET = 8.1;
				MTL_ENABLE_DEBUG_INFO = YES;
				ONLY_ACTIVE_ARCH = YES;
				SDKROOT = iphoneos;
				SWIFT_OPTIMIZATION_LEVEL = "-Onone";
			};
			name = Debug;
		};
		708D30FE1AA95E7600E972B0 /* Release */ = {
			isa = XCBuildConfiguration;
			buildSettings = {
				ALWAYS_SEARCH_USER_PATHS = NO;
				CLANG_CXX_LANGUAGE_STANDARD = "gnu++0x";
				CLANG_CXX_LIBRARY = "libc++";
				CLANG_ENABLE_MODULES = YES;
				CLANG_ENABLE_OBJC_ARC = YES;
				CLANG_WARN_BOOL_CONVERSION = YES;
				CLANG_WARN_CONSTANT_CONVERSION = YES;
				CLANG_WARN_DIRECT_OBJC_ISA_USAGE = YES_ERROR;
				CLANG_WARN_EMPTY_BODY = YES;
				CLANG_WARN_ENUM_CONVERSION = YES;
				CLANG_WARN_INT_CONVERSION = YES;
				CLANG_WARN_OBJC_ROOT_CLASS = YES_ERROR;
				CLANG_WARN_UNREACHABLE_CODE = YES;
				CLANG_WARN__DUPLICATE_METHOD_MATCH = YES;
				"CODE_SIGN_IDENTITY[sdk=iphoneos*]" = "iPhone Developer";
				COPY_PHASE_STRIP = YES;
				ENABLE_NS_ASSERTIONS = NO;
				ENABLE_STRICT_OBJC_MSGSEND = YES;
				GCC_C_LANGUAGE_STANDARD = gnu99;
				GCC_WARN_64_TO_32_BIT_CONVERSION = YES;
				GCC_WARN_ABOUT_RETURN_TYPE = YES_ERROR;
				GCC_WARN_UNDECLARED_SELECTOR = YES;
				GCC_WARN_UNINITIALIZED_AUTOS = YES_AGGRESSIVE;
				GCC_WARN_UNUSED_FUNCTION = YES;
				GCC_WARN_UNUSED_VARIABLE = YES;
				IPHONEOS_DEPLOYMENT_TARGET = 8.1;
				MTL_ENABLE_DEBUG_INFO = NO;
				SDKROOT = iphoneos;
				VALIDATE_PRODUCT = YES;
			};
			name = Release;
		};
		708D31001AA95E7600E972B0 /* Debug */ = {
			isa = XCBuildConfiguration;
			buildSettings = {
				ASSETCATALOG_COMPILER_APPICON_NAME = AppIcon;
				CODE_SIGN_IDENTITY = "iPhone Developer";
				INFOPLIST_FILE = plop/Info.plist;
				LD_RUNPATH_SEARCH_PATHS = "$(inherited) @executable_path/Frameworks";
				PRODUCT_NAME = "$(TARGET_NAME)";
			};
			name = Debug;
		};
		708D31011AA95E7600E972B0 /* Release */ = {
			isa = XCBuildConfiguration;
			buildSettings = {
				ASSETCATALOG_COMPILER_APPICON_NAME = AppIcon;
				CODE_SIGN_IDENTITY = "iPhone Developer";
				INFOPLIST_FILE = plop/Info.plist;
				LD_RUNPATH_SEARCH_PATHS = "$(inherited) @executable_path/Frameworks";
				PRODUCT_NAME = "$(TARGET_NAME)";
			};
			name = Release;
		};
		708D31031AA95E7600E972B0 /* Debug */ = {
			isa = XCBuildConfiguration;
			buildSettings = {
				BUNDLE_LOADER = "$(TEST_HOST)";
				FRAMEWORK_SEARCH_PATHS = (
					"$(SDKROOT)/Developer/Library/Frameworks",
					"$(inherited)",
				);
				GCC_PREPROCESSOR_DEFINITIONS = (
					"DEBUG=1",
					"$(inherited)",
				);
				INFOPLIST_FILE = plopTests/Info.plist;
				LD_RUNPATH_SEARCH_PATHS = "$(inherited) @executable_path/Frameworks @loader_path/Frameworks";
				PRODUCT_NAME = "$(TARGET_NAME)";
				TEST_HOST = "$(BUILT_PRODUCTS_DIR)/plop.app/plop";
			};
			name = Debug;
		};
		708D31041AA95E7600E972B0 /* Release */ = {
			isa = XCBuildConfiguration;
			buildSettings = {
				BUNDLE_LOADER = "$(TEST_HOST)";
				FRAMEWORK_SEARCH_PATHS = (
					"$(SDKROOT)/Developer/Library/Frameworks",
					"$(inherited)",
				);
				INFOPLIST_FILE = plopTests/Info.plist;
				LD_RUNPATH_SEARCH_PATHS = "$(inherited) @executable_path/Frameworks @loader_path/Frameworks";
				PRODUCT_NAME = "$(TARGET_NAME)";
				TEST_HOST = "$(BUILT_PRODUCTS_DIR)/plop.app/plop";
			};
			name = Release;
		};
/* End XCBuildConfiguration section */

/* Begin XCConfigurationList section */
		708D30D61AA95E7600E972B0 /* Build configuration list for PBXProject "plop" */ = {
			isa = XCConfigurationList;
			buildConfigurations = (
				708D30FD1AA95E7600E972B0 /* Debug */,
				708D30FE1AA95E7600E972B0 /* Release */,
			);
			defaultConfigurationIsVisible = 0;
			defaultConfigurationName = Release;
		};
		708D30FF1AA95E7600E972B0 /* Build configuration list for PBXNativeTarget "plop" */ = {
			isa = XCConfigurationList;
			buildConfigurations = (
				708D31001AA95E7600E972B0 /* Debug */,
				708D31011AA95E7600E972B0 /* Release */,
			);
			defaultConfigurationIsVisible = 0;
		};
		708D31021AA95E7600E972B0 /* Build configuration list for PBXNativeTarget "plopTests" */ = {
			isa = XCConfigurationList;
			buildConfigurations = (
				708D31031AA95E7600E972B0 /* Debug */,
				708D31041AA95E7600E972B0 /* Release */,
			);
			defaultConfigurationIsVisible = 0;
		};
/* End XCConfigurationList section */

/* Begin XCVersionGroup section */
		708D30E21AA95E7600E972B0 /* plop.xcdatamodeld */ = {
			isa = XCVersionGroup;
			children = (
				708D30E31AA95E7600E972B0 /* plop.xcdatamodel */,
			);
			currentVersion = 708D30E31AA95E7600E972B0 /* plop.xcdatamodel */;
			path = plop.xcdatamodeld;
			sourceTree = "<group>";
			versionGroupType = wrapper.xcdatamodel;
		};
/* End XCVersionGroup section */
	};
	rootObject = 708D30D31AA95E7600E972B0 /* Project object */;
}
